
Microsoft Visual Studio Solution File, Format Version 12.00
# Visual Studio Version 17
VisualStudioVersion = 17.5.002.0
MinimumVisualStudioVersion = 10.0.40219.1
Project("{9A19103F-16F7-4668-BE54-9A1E7A4F7556}") = "Fibonacci-Numbers", "Fibonacci-Numbers.csproj", "{DB56C3C9-BFFF-43FC-8DFA-815D9D182032}"
EndProject
Global
	GlobalSection(SolutionConfigurationPlatforms) = preSolution
		Debug|Any CPU = Debug|Any CPU
		Release|Any CPU = Release|Any CPU
	EndGlobalSection
	GlobalSection(ProjectConfigurationPlatforms) = postSolution
		{DB56C3C9-BFFF-43FC-8DFA-815D9D182032}.Debug|Any CPU.ActiveCfg = Debug|Any CPU
		{DB56C3C9-BFFF-43FC-8DFA-815D9D182032}.Debug|Any CPU.Build.0 = Debug|Any CPU
		{DB56C3C9-BFFF-43FC-8DFA-815D9D182032}.Release|Any CPU.ActiveCfg = Release|Any CPU
		{DB56C3C9-BFFF-43FC-8DFA-815D9D182032}.Release|Any CPU.Build.0 = Release|Any CPU
	EndGlobalSection
	GlobalSection(SolutionProperties) = preSolution
		HideSolutionNode = FALSE
	EndGlobalSection
	GlobalSection(ExtensibilityGlobals) = postSolution
		SolutionGuid = {5994461A-66D5-4D85-8A97-1AF5C2588A87}
	EndGlobalSection
EndGlobal
